
Microsoft Visual Studio Solution File, Format Version 12.00
# Visual Studio 15
VisualStudioVersion = 15.0.27703.2047
MinimumVisualStudioVersion = 10.0.40219.1
Project("{FAE04EC0-301F-11D3-BF4B-00C04F79EFBC}") = "Projeto02_APIChamados", "Projeto02_APIChamados\Projeto02_APIChamados.csproj", "{05144996-38B0-421E-8F08-735CEBD7FAB3}"
EndProject
Global
	GlobalSection(SolutionConfigurationPlatforms) = preSolution
		Debug|Any CPU = Debug|Any CPU
		Release|Any CPU = Release|Any CPU
	EndGlobalSection
	GlobalSection(ProjectConfigurationPlatforms) = postSolution
		{05144996-38B0-421E-8F08-735CEBD7FAB3}.Debug|Any CPU.ActiveCfg = Debug|Any CPU
		{05144996-38B0-421E-8F08-735CEBD7FAB3}.Debug|Any CPU.Build.0 = Debug|Any CPU
		{05144996-38B0-421E-8F08-735CEBD7FAB3}.Release|Any CPU.ActiveCfg = Release|Any CPU
		{05144996-38B0-421E-8F08-735CEBD7FAB3}.Release|Any CPU.Build.0 = Release|Any CPU
	EndGlobalSection
	GlobalSection(SolutionProperties) = preSolution
		HideSolutionNode = FALSE
	EndGlobalSection
	GlobalSection(ExtensibilityGlobals) = postSolution
		SolutionGuid = {88CC8032-7E41-4453-AC2B-D205CC37D380}
	EndGlobalSection
EndGlobal
