
Microsoft Visual Studio Solution File, Format Version 12.00
# Visual Studio 15
VisualStudioVersion = 15.0.27703.2047
MinimumVisualStudioVersion = 10.0.40219.1
Project("{FAE04EC0-301F-11D3-BF4B-00C04F79EFBC}") = "Projeto01_CadastroEscola", "Projeto01_CadastroEscola\Projeto01_CadastroEscola.csproj", "{4493870A-B5B1-4610-8515-2CD93B91B970}"
EndProject
Project("{FAE04EC0-301F-11D3-BF4B-00C04F79EFBC}") = "Projeto02_AcessoDados", "Projeto02_AcessoDados\Projeto02_AcessoDados.csproj", "{C110FA0F-A29F-43E3-8DF6-690F0F6F6811}"
EndProject
Global
	GlobalSection(SolutionConfigurationPlatforms) = preSolution
		Debug|Any CPU = Debug|Any CPU
		Release|Any CPU = Release|Any CPU
	EndGlobalSection
	GlobalSection(ProjectConfigurationPlatforms) = postSolution
		{4493870A-B5B1-4610-8515-2CD93B91B970}.Debug|Any CPU.ActiveCfg = Debug|Any CPU
		{4493870A-B5B1-4610-8515-2CD93B91B970}.Debug|Any CPU.Build.0 = Debug|Any CPU
		{4493870A-B5B1-4610-8515-2CD93B91B970}.Release|Any CPU.ActiveCfg = Release|Any CPU
		{4493870A-B5B1-4610-8515-2CD93B91B970}.Release|Any CPU.Build.0 = Release|Any CPU
		{C110FA0F-A29F-43E3-8DF6-690F0F6F6811}.Debug|Any CPU.ActiveCfg = Debug|Any CPU
		{C110FA0F-A29F-43E3-8DF6-690F0F6F6811}.Debug|Any CPU.Build.0 = Debug|Any CPU
		{C110FA0F-A29F-43E3-8DF6-690F0F6F6811}.Release|Any CPU.ActiveCfg = Release|Any CPU
		{C110FA0F-A29F-43E3-8DF6-690F0F6F6811}.Release|Any CPU.Build.0 = Release|Any CPU
	EndGlobalSection
	GlobalSection(SolutionProperties) = preSolution
		HideSolutionNode = FALSE
	EndGlobalSection
	GlobalSection(ExtensibilityGlobals) = postSolution
		SolutionGuid = {CBF4A278-C8CA-4BE4-8A3E-AFDE530F354B}
	EndGlobalSection
EndGlobal
